
Microsoft Visual Studio Solution File, Format Version 12.00
# Visual Studio Version 17
VisualStudioVersion = 17.11.35327.3
MinimumVisualStudioVersion = 10.0.40219.1
Project("{9A19103F-16F7-4668-BE54-9A1E7A4F7556}") = "ShoppingManagment", "ShoppingManagment\ShoppingManagment.csproj", "{EC785F90-77ED-4A45-802F-6E5BD6C4171F}"
EndProject
Project("{9A19103F-16F7-4668-BE54-9A1E7A4F7556}") = "Business", "Business\Business.csproj", "{08FE516E-F20F-498B-A9C3-555C72F400FD}"
EndProject
Project("{9A19103F-16F7-4668-BE54-9A1E7A4F7556}") = "Data", "Data\Data.csproj", "{5F948EE0-C1E6-43D1-B32C-E76CEA4875D8}"
EndProject
Project("{9A19103F-16F7-4668-BE54-9A1E7A4F7556}") = "Entity", "Entity\Entity.csproj", "{975D57E8-8D68-4775-80FF-AEE586A7F897}"
EndProject
Project("{2150E333-8FDC-42A3-9474-1A3956D46DE8}") = "Solution Items", "Solution Items", "{3799D994-4C46-4D55-8A0B-6A3C2F5C9020}"
	ProjectSection(SolutionItems) = preProject
		README.md = README.md
		README_TR.md = README_TR.md
	EndProjectSection
EndProject
Global
	GlobalSection(SolutionConfigurationPlatforms) = preSolution
		Debug|Any CPU = Debug|Any CPU
		Release|Any CPU = Release|Any CPU
	EndGlobalSection
	GlobalSection(ProjectConfigurationPlatforms) = postSolution
		{EC785F90-77ED-4A45-802F-6E5BD6C4171F}.Debug|Any CPU.ActiveCfg = Debug|Any CPU
		{EC785F90-77ED-4A45-802F-6E5BD6C4171F}.Debug|Any CPU.Build.0 = Debug|Any CPU
		{EC785F90-77ED-4A45-802F-6E5BD6C4171F}.Release|Any CPU.ActiveCfg = Release|Any CPU
		{EC785F90-77ED-4A45-802F-6E5BD6C4171F}.Release|Any CPU.Build.0 = Release|Any CPU
		{08FE516E-F20F-498B-A9C3-555C72F400FD}.Debug|Any CPU.ActiveCfg = Debug|Any CPU
		{08FE516E-F20F-498B-A9C3-555C72F400FD}.Debug|Any CPU.Build.0 = Debug|Any CPU
		{08FE516E-F20F-498B-A9C3-555C72F400FD}.Release|Any CPU.ActiveCfg = Release|Any CPU
		{08FE516E-F20F-498B-A9C3-555C72F400FD}.Release|Any CPU.Build.0 = Release|Any CPU
		{5F948EE0-C1E6-43D1-B32C-E76CEA4875D8}.Debug|Any CPU.ActiveCfg = Debug|Any CPU
		{5F948EE0-C1E6-43D1-B32C-E76CEA4875D8}.Debug|Any CPU.Build.0 = Debug|Any CPU
		{5F948EE0-C1E6-43D1-B32C-E76CEA4875D8}.Release|Any CPU.ActiveCfg = Release|Any CPU
		{5F948EE0-C1E6-43D1-B32C-E76CEA4875D8}.Release|Any CPU.Build.0 = Release|Any CPU
		{975D57E8-8D68-4775-80FF-AEE586A7F897}.Debug|Any CPU.ActiveCfg = Debug|Any CPU
		{975D57E8-8D68-4775-80FF-AEE586A7F897}.Debug|Any CPU.Build.0 = Debug|Any CPU
		{975D57E8-8D68-4775-80FF-AEE586A7F897}.Release|Any CPU.ActiveCfg = Release|Any CPU
		{975D57E8-8D68-4775-80FF-AEE586A7F897}.Release|Any CPU.Build.0 = Release|Any CPU
	EndGlobalSection
	GlobalSection(SolutionProperties) = preSolution
		HideSolutionNode = FALSE
	EndGlobalSection
	GlobalSection(ExtensibilityGlobals) = postSolution
		SolutionGuid = {36E38350-30F4-4D2F-8BEE-9C2ECC1E72CF}
	EndGlobalSection
EndGlobal
